{
    "_readme": [
        "This file locks the dependencies of your project to a known state",
        "Read more about it at https://getcomposer.org/doc/01-basic-usage.md#installing-dependencies",
        "This file is @generated automatically"
    ],
    "content-hash": "ab40aa2eb1d5a9f25e8bc5ec637af17d",
    "packages": [
        {
            "name": "composer/installers",
            "version": "dev-main",
            "source": {
                "type": "git",
                "url": "https://github.com/composer/installers.git",
                "reference": "98b34f8ab3558bee5caa7c07efbab3f5bd7663ab"
            },
            "dist": {
                "type": "zip",
                "url": "https://api.github.com/repos/composer/installers/zipball/98b34f8ab3558bee5caa7c07efbab3f5bd7663ab",
                "reference": "98b34f8ab3558bee5caa7c07efbab3f5bd7663ab",
                "shasum": ""
            },
            "require": {
                "composer-plugin-api": "^1.0 || ^2.0"
            },
            "replace": {
                "roundcube/plugin-installer": "*",
                "shama/baton": "*"
            },
            "require-dev": {
                "composer/composer": "1.6.* || ^2.0",
                "composer/semver": "^1 || ^3",
                "phpstan/phpstan": "^0.12.55",
                "phpstan/phpstan-phpunit": "^0.12.16",
                "symfony/phpunit-bridge": "^4.2 || ^5",
                "symfony/process": "^2.3"
            },
            "default-branch": true,
            "type": "composer-plugin",
            "extra": {
                "class": "Composer\\Installers\\Plugin",
                "branch-alias": {
                    "dev-main": "1.x-dev"
                }
            },
            "autoload": {
                "psr-4": {
                    "Composer\\Installers\\": "src/Composer/Installers"
                }
            },
            "notification-url": "https://packagist.org/downloads/",
            "license": [
                "MIT"
            ],
            "authors": [
                {
                    "name": "Kyle Robinson Young",
                    "email": "kyle@dontkry.com",
                    "homepage": "https://github.com/shama"
                }
            ],
            "description": "A multi-framework Composer library installer",
            "homepage": "https://composer.github.io/installers/",
            "keywords": [
                "Craft",
                "Dolibarr",
                "Eliasis",
                "Hurad",
                "ImageCMS",
                "Kanboard",
                "Lan Management System",
                "MODX Evo",
                "MantisBT",
                "Mautic",
                "Maya",
                "OXID",
                "Plentymarkets",
                "Porto",
                "RadPHP",
                "SMF",
                "Starbug",
                "Thelia",
                "Whmcs",
                "WolfCMS",
                "agl",
                "aimeos",
                "annotatecms",
                "attogram",
                "bitrix",
                "cakephp",
                "chef",
                "cockpit",
                "codeigniter",
                "concrete5",
                "croogo",
                "dokuwiki",
                "drupal",
                "eZ Platform",
                "elgg",
                "expressionengine",
                "fuelphp",
                "grav",
                "installer",
                "itop",
                "joomla",
                "known",
                "kohana",
                "laravel",
                "lavalite",
                "lithium",
                "magento",
                "majima",
                "mako",
                "mediawiki",
                "modulework",
                "modx",
                "moodle",
                "osclass",
                "phpbb",
                "piwik",
                "ppi",
                "processwire",
                "puppet",
                "pxcms",
                "reindex",
                "roundcube",
                "shopware",
                "silverstripe",
                "sydes",
                "sylius",
                "symfony",
                "tastyigniter",
                "typo3",
                "wordpress",
                "yawik",
                "zend",
                "zikula"
            ],
            "support": {
                "issues": "https://github.com/composer/installers/issues",
                "source": "https://github.com/composer/installers/tree/main"
            },
            "funding": [
                {
                    "url": "https://packagist.com",
                    "type": "custom"
                },
                {
                    "url": "https://github.com/composer",
                    "type": "github"
                },
                {
                    "url": "https://tidelift.com/funding/github/packagist/composer/composer",
                    "type": "tidelift"
                }
            ],
            "time": "2021-02-02T15:00:11+00:00"
        },
        {
            "name": "doctrine/inflector",
            "version": "1.1.x-dev",
            "source": {
                "type": "git",
                "url": "https://github.com/doctrine/inflector.git",
                "reference": "90b2128806bfde671b6952ab8bea493942c1fdae"
            },
            "dist": {
                "type": "zip",
                "url": "https://api.github.com/repos/doctrine/inflector/zipball/90b2128806bfde671b6952ab8bea493942c1fdae",
                "reference": "90b2128806bfde671b6952ab8bea493942c1fdae",
                "shasum": ""
            },
            "require": {
                "php": ">=5.3.2"
            },
            "require-dev": {
                "phpunit/phpunit": "4.*"
            },
            "type": "library",
            "extra": {
                "branch-alias": {
                    "dev-master": "1.1.x-dev"
                }
            },
            "autoload": {
                "psr-0": {
                    "Doctrine\\Common\\Inflector\\": "lib/"
                }
            },
            "notification-url": "https://packagist.org/downloads/",
            "license": [
                "MIT"
            ],
            "authors": [
                {
                    "name": "Roman Borschel",
                    "email": "roman@code-factory.org"
                },
                {
                    "name": "Benjamin Eberlei",
                    "email": "kontakt@beberlei.de"
                },
                {
                    "name": "Guilherme Blanco",
                    "email": "guilhermeblanco@gmail.com"
                },
                {
                    "name": "Jonathan Wage",
                    "email": "jonwage@gmail.com"
                },
                {
                    "name": "Johannes Schmitt",
                    "email": "schmittjoh@gmail.com"
                }
            ],
            "description": "Common String Manipulations with regard to casing and singular/plural rules.",
            "homepage": "http://www.doctrine-project.org",
            "keywords": [
                "inflection",
                "pluralize",
                "singularize",
                "string"
            ],
            "support": {
                "source": "https://github.com/doctrine/inflector/tree/master"
            },
            "time": "2015-11-06T14:35:42+00:00"
        },
        {
            "name": "stoutlogic/acf-builder",
            "version": "1.10.0",
            "source": {
                "type": "git",
                "url": "https://github.com/StoutLogic/acf-builder.git",
                "reference": "1fbdb58ad46ac77d6df2549aad130854f5e69cf2"
            },
            "dist": {
                "type": "zip",
                "url": "https://api.github.com/repos/StoutLogic/acf-builder/zipball/1fbdb58ad46ac77d6df2549aad130854f5e69cf2",
                "reference": "1fbdb58ad46ac77d6df2549aad130854f5e69cf2",
                "shasum": ""
            },
            "require": {
                "doctrine/inflector": "^1.1|^2.0",
                "php": ">=5.4.0"
            },
            "require-dev": {
                "phpdocumentor/reflection-docblock": "2.*",
                "phpunit/phpunit": "4.*",
                "squizlabs/php_codesniffer": "^2.6"
            },
            "type": "library",
            "autoload": {
                "psr-4": {
                    "StoutLogic\\AcfBuilder\\": "src/"
                }
            },
            "notification-url": "https://packagist.org/downloads/",
            "license": [
                "GPL-2.0+"
            ],
            "authors": [
                {
                    "name": "Steve Pfisterer",
                    "email": "steve@stoutlogic.com"
                }
            ],
            "description": "An Advanced Custom Field Configuration Builder",
            "support": {
                "issues": "https://github.com/StoutLogic/acf-builder/issues",
                "source": "https://github.com/StoutLogic/acf-builder/tree/1.10.0"
            },
            "time": "2020-07-02T01:15:41+00:00"
        },
        {
            "name": "wpackagist-plugin/advanced-custom-fields",
            "version": "5.9.4",
            "source": {
                "type": "svn",
                "url": "https://plugins.svn.wordpress.org/advanced-custom-fields/",
                "reference": "tags/5.9.4"
            },
            "dist": {
                "type": "zip",
                "url": "https://downloads.wordpress.org/plugin/advanced-custom-fields.5.9.4.zip"
            },
            "require": {
                "composer/installers": "~1.0"
            },
            "type": "wordpress-plugin",
            "homepage": "https://wordpress.org/plugins/advanced-custom-fields/"
        },
        {
            "name": "wptrt/admin-notices",
            "version": "dev-master",
            "source": {
                "type": "git",
                "url": "https://github.com/WPTT/admin-notices.git",
                "reference": "42101e8cf841b17342fcef984a06caf63990c6f2"
            },
            "dist": {
                "type": "zip",
                "url": "https://api.github.com/repos/WPTT/admin-notices/zipball/42101e8cf841b17342fcef984a06caf63990c6f2",
                "reference": "42101e8cf841b17342fcef984a06caf63990c6f2",
                "shasum": ""
            },
            "require": {
                "php": ">=5.6"
            },
            "require-dev": {
                "dealerdirect/phpcodesniffer-composer-installer": "^0.6.2",
                "php": "~7.1",
                "szepeviktor/phpstan-wordpress": "^0.6.0",
                "wp-coding-standards/wpcs": "^2.3"
            },
            "default-branch": true,
            "type": "library",
            "autoload": {
                "psr-4": {
                    "WPTRT\\AdminNotices\\": "src/"
                }
            },
            "notification-url": "https://packagist.org/downloads/",
            "license": [
                "GPL-2.0-or-later"
            ],
            "authors": [
                {
                    "name": "WordPress.org Theme Review Team",
                    "email": "themes@wordpress.org",
                    "homepage": "https://make.wordpress.org/themes",
                    "role": "Developer"
                }
            ],
            "description": "A class to create admin-notices for the WordPress dashboard.",
            "homepage": "https://github.com/WPTRT/admin-notices",
            "keywords": [
                "wordpress"
            ],
            "support": {
                "issues": "https://github.com/WPTRT/admin-notices/issues",
                "source": "https://github.com/WPTT/admin-notices/tree/master"
            },
            "time": "2020-06-07T10:36:24+00:00"
        }
    ],
    "packages-dev": [],
    "aliases": [],
    "minimum-stability": "dev",
    "stability-flags": [],
    "prefer-stable": false,
    "prefer-lowest": false,
    "platform": [],
    "platform-dev": [],
    "platform-overrides": {
        "php": "5.6"
    },
    "plugin-api-version": "2.0.0"
}
